// !$*UTF8*$!
{
	archiveVersion = 1;
	classes = {
	};
	objectVersion = 55;
	objects = {

/* Begin PBXBuildFile section */
		2D9293CC558E8247C93361C6 /* Pods_Dictionary_App_Dictionary_AppUITests.framework in Frameworks */ = {isa = PBXBuildFile; fileRef = E91A3A9327BD0B85BBA308BE /* Pods_Dictionary_App_Dictionary_AppUITests.framework */; };
		510E17EE3CFEA5A222A78F6C /* Pods_Dictionary_AppTests.framework in Frameworks */ = {isa = PBXBuildFile; fileRef = 22C62D3EAEAC87894D17F94F /* Pods_Dictionary_AppTests.framework */; };
		DE3D2E8E281054E7009F5EE4 /* AppDelegate.swift in Sources */ = {isa = PBXBuildFile; fileRef = DE3D2E8D281054E7009F5EE4 /* AppDelegate.swift */; };
		DE3D2E90281054E7009F5EE4 /* SceneDelegate.swift in Sources */ = {isa = PBXBuildFile; fileRef = DE3D2E8F281054E7009F5EE4 /* SceneDelegate.swift */; };
		DE3D2E92281054E7009F5EE4 /* ViewController.swift in Sources */ = {isa = PBXBuildFile; fileRef = DE3D2E91281054E7009F5EE4 /* ViewController.swift */; };
		DE3D2E95281054E7009F5EE4 /* Main.storyboard in Resources */ = {isa = PBXBuildFile; fileRef = DE3D2E93281054E7009F5EE4 /* Main.storyboard */; };
		DE3D2E97281054E9009F5EE4 /* Assets.xcassets in Resources */ = {isa = PBXBuildFile; fileRef = DE3D2E96281054E9009F5EE4 /* Assets.xcassets */; };
		DE3D2E9A281054E9009F5EE4 /* LaunchScreen.storyboard in Resources */ = {isa = PBXBuildFile; fileRef = DE3D2E98281054E9009F5EE4 /* LaunchScreen.storyboard */; };
		DE3D2EA5281054E9009F5EE4 /* Dictionary_AppTests.swift in Sources */ = {isa = PBXBuildFile; fileRef = DE3D2EA4281054E9009F5EE4 /* Dictionary_AppTests.swift */; };
		DE3D2EAF281054E9009F5EE4 /* Dictionary_AppUITests.swift in Sources */ = {isa = PBXBuildFile; fileRef = DE3D2EAE281054E9009F5EE4 /* Dictionary_AppUITests.swift */; };
		DE3D2EB1281054E9009F5EE4 /* Dictionary_AppUITestsLaunchTests.swift in Sources */ = {isa = PBXBuildFile; fileRef = DE3D2EB0281054E9009F5EE4 /* Dictionary_AppUITestsLaunchTests.swift */; };
		DE3D2EBE281055E5009F5EE4 /* KelimeHucreTableViewCell.swift in Sources */ = {isa = PBXBuildFile; fileRef = DE3D2EBD281055E5009F5EE4 /* KelimeHucreTableViewCell.swift */; };
		DE3D2EC02810569B009F5EE4 /* KelimeDetayViewController.swift in Sources */ = {isa = PBXBuildFile; fileRef = DE3D2EBF2810569B009F5EE4 /* KelimeDetayViewController.swift */; };
		DE3D2EC228105747009F5EE4 /* Kelimeler.swift in Sources */ = {isa = PBXBuildFile; fileRef = DE3D2EC128105747009F5EE4 /* Kelimeler.swift */; };
		DE823C872825321E00D66E37 /* GoogleService-Info.plist in Resources */ = {isa = PBXBuildFile; fileRef = DE823C862825321E00D66E37 /* GoogleService-Info.plist */; };
		E07404DED5B5ED706BC28705 /* Pods_Dictionary_App.framework in Frameworks */ = {isa = PBXBuildFile; fileRef = 43F110D1476192F003539D79 /* Pods_Dictionary_App.framework */; };
/* End PBXBuildFile section */

/* Begin PBXContainerItemProxy section */
		DE3D2EA1281054E9009F5EE4 /* PBXContainerItemProxy */ = {
			isa = PBXContainerItemProxy;
			containerPortal = DE3D2E82281054E7009F5EE4 /* Project object */;
			proxyType = 1;
			remoteGlobalIDString = DE3D2E89281054E7009F5EE4;
			remoteInfo = "Dictionary App";
		};
		DE3D2EAB281054E9009F5EE4 /* PBXContainerItemProxy */ = {
			isa = PBXContainerItemProxy;
			containerPortal = DE3D2E82281054E7009F5EE4 /* Project object */;
			proxyType = 1;
			remoteGlobalIDString = DE3D2E89281054E7009F5EE4;
			remoteInfo = "Dictionary App";
		};
/* End PBXContainerItemProxy section */

/* Begin PBXFileReference section */
		02331369931BC1F80167C41E /* Pods-Dictionary App-Dictionary AppUITests.debug.xcconfig */ = {isa = PBXFileReference; includeInIndex = 1; lastKnownFileType = text.xcconfig; name = "Pods-Dictionary App-Dictionary AppUITests.debug.xcconfig"; path = "Target Support Files/Pods-Dictionary App-Dictionary AppUITests/Pods-Dictionary App-Dictionary AppUITests.debug.xcconfig"; sourceTree = "<group>"; };
		0A4C7A68D3479D091A26BA26 /* Pods-Dictionary App.release.xcconfig */ = {isa = PBXFileReference; includeInIndex = 1; lastKnownFileType = text.xcconfig; name = "Pods-Dictionary App.release.xcconfig"; path = "Target Support Files/Pods-Dictionary App/Pods-Dictionary App.release.xcconfig"; sourceTree = "<group>"; };
		22C62D3EAEAC87894D17F94F /* Pods_Dictionary_AppTests.framework */ = {isa = PBXFileReference; explicitFileType = wrapper.framework; includeInIndex = 0; path = Pods_Dictionary_AppTests.framework; sourceTree = BUILT_PRODUCTS_DIR; };
		3AC327D286759BF0A6340B22 /* Pods-Dictionary AppTests.debug.xcconfig */ = {isa = PBXFileReference; includeInIndex = 1; lastKnownFileType = text.xcconfig; name = "Pods-Dictionary AppTests.debug.xcconfig"; path = "Target Support Files/Pods-Dictionary AppTests/Pods-Dictionary AppTests.debug.xcconfig"; sourceTree = "<group>"; };
		436FAF03728B42F677623657 /* Pods-Dictionary App-Dictionary AppUITests.release.xcconfig */ = {isa = PBXFileReference; includeInIndex = 1; lastKnownFileType = text.xcconfig; name = "Pods-Dictionary App-Dictionary AppUITests.release.xcconfig"; path = "Target Support Files/Pods-Dictionary App-Dictionary AppUITests/Pods-Dictionary App-Dictionary AppUITests.release.xcconfig"; sourceTree = "<group>"; };
		43F110D1476192F003539D79 /* Pods_Dictionary_App.framework */ = {isa = PBXFileReference; explicitFileType = wrapper.framework; includeInIndex = 0; path = Pods_Dictionary_App.framework; sourceTree = BUILT_PRODUCTS_DIR; };
		980F120026D9D5DD22F1EE10 /* Pods-Dictionary AppTests.release.xcconfig */ = {isa = PBXFileReference; includeInIndex = 1; lastKnownFileType = text.xcconfig; name = "Pods-Dictionary AppTests.release.xcconfig"; path = "Target Support Files/Pods-Dictionary AppTests/Pods-Dictionary AppTests.release.xcconfig"; sourceTree = "<group>"; };
		D1C95C93A4BC3FE4F92E5259 /* Pods-Dictionary App.debug.xcconfig */ = {isa = PBXFileReference; includeInIndex = 1; lastKnownFileType = text.xcconfig; name = "Pods-Dictionary App.debug.xcconfig"; path = "Target Support Files/Pods-Dictionary App/Pods-Dictionary App.debug.xcconfig"; sourceTree = "<group>"; };
		DE3D2E8A281054E7009F5EE4 /* Dictionary App.app */ = {isa = PBXFileReference; explicitFileType = wrapper.application; includeInIndex = 0; path = "Dictionary App.app"; sourceTree = BUILT_PRODUCTS_DIR; };
		DE3D2E8D281054E7009F5EE4 /* AppDelegate.swift */ = {isa = PBXFileReference; lastKnownFileType = sourcecode.swift; path = AppDelegate.swift; sourceTree = "<group>"; };
		DE3D2E8F281054E7009F5EE4 /* SceneDelegate.swift */ = {isa = PBXFileReference; lastKnownFileType = sourcecode.swift; path = SceneDelegate.swift; sourceTree = "<group>"; };
		DE3D2E91281054E7009F5EE4 /* ViewController.swift */ = {isa = PBXFileReference; lastKnownFileType = sourcecode.swift; path = ViewController.swift; sourceTree = "<group>"; };
		DE3D2E94281054E7009F5EE4 /* Base */ = {isa = PBXFileReference; lastKnownFileType = file.storyboard; name = Base; path = Base.lproj/Main.storyboard; sourceTree = "<group>"; };
		DE3D2E96281054E9009F5EE4 /* Assets.xcassets */ = {isa = PBXFileReference; lastKnownFileType = folder.assetcatalog; path = Assets.xcassets; sourceTree = "<group>"; };
		DE3D2E99281054E9009F5EE4 /* Base */ = {isa = PBXFileReference; lastKnownFileType = file.storyboard; name = Base; path = Base.lproj/LaunchScreen.storyboard; sourceTree = "<group>"; };
		DE3D2E9B281054E9009F5EE4 /* Info.plist */ = {isa = PBXFileReference; lastKnownFileType = text.plist.xml; path = Info.plist; sourceTree = "<group>"; };
		DE3D2EA0281054E9009F5EE4 /* Dictionary AppTests.xctest */ = {isa = PBXFileReference; explicitFileType = wrapper.cfbundle; includeInIndex = 0; path = "Dictionary AppTests.xctest"; sourceTree = BUILT_PRODUCTS_DIR; };
		DE3D2EA4281054E9009F5EE4 /* Dictionary_AppTests.swift */ = {isa = PBXFileReference; lastKnownFileType = sourcecode.swift; path = Dictionary_AppTests.swift; sourceTree = "<group>"; };
		DE3D2EAA281054E9009F5EE4 /* Dictionary AppUITests.xctest */ = {isa = PBXFileReference; explicitFileType = wrapper.cfbundle; includeInIndex = 0; path = "Dictionary AppUITests.xctest"; sourceTree = BUILT_PRODUCTS_DIR; };
		DE3D2EAE281054E9009F5EE4 /* Dictionary_AppUITests.swift */ = {isa = PBXFileReference; lastKnownFileType = sourcecode.swift; path = Dictionary_AppUITests.swift; sourceTree = "<group>"; };
		DE3D2EB0281054E9009F5EE4 /* Dictionary_AppUITestsLaunchTests.swift */ = {isa = PBXFileReference; lastKnownFileType = sourcecode.swift; path = Dictionary_AppUITestsLaunchTests.swift; sourceTree = "<group>"; };
		DE3D2EBD281055E5009F5EE4 /* KelimeHucreTableViewCell.swift */ = {isa = PBXFileReference; lastKnownFileType = sourcecode.swift; path = KelimeHucreTableViewCell.swift; sourceTree = "<group>"; };
		DE3D2EBF2810569B009F5EE4 /* KelimeDetayViewController.swift */ = {isa = PBXFileReference; lastKnownFileType = sourcecode.swift; path = KelimeDetayViewController.swift; sourceTree = "<group>"; };
		DE3D2EC128105747009F5EE4 /* Kelimeler.swift */ = {isa = PBXFileReference; lastKnownFileType = sourcecode.swift; path = Kelimeler.swift; sourceTree = "<group>"; };
		DE823C862825321E00D66E37 /* GoogleService-Info.plist */ = {isa = PBXFileReference; fileEncoding = 4; lastKnownFileType = text.plist.xml; path = "GoogleService-Info.plist"; sourceTree = "<group>"; };
		E91A3A9327BD0B85BBA308BE /* Pods_Dictionary_App_Dictionary_AppUITests.framework */ = {isa = PBXFileReference; explicitFileType = wrapper.framework; includeInIndex = 0; path = Pods_Dictionary_App_Dictionary_AppUITests.framework; sourceTree = BUILT_PRODUCTS_DIR; };
/* End PBXFileReference section */

/* Begin PBXFrameworksBuildPhase section */
		DE3D2E87281054E7009F5EE4 /* Frameworks */ = {
			isa = PBXFrameworksBuildPhase;
			buildActionMask = 2147483647;
			files = (
				E07404DED5B5ED706BC28705 /* Pods_Dictionary_App.framework in Frameworks */,
			);
			runOnlyForDeploymentPostprocessing = 0;
		};
		DE3D2E9D281054E9009F5EE4 /* Frameworks */ = {
			isa = PBXFrameworksBuildPhase;
			buildActionMask = 2147483647;
			files = (
				510E17EE3CFEA5A222A78F6C /* Pods_Dictionary_AppTests.framework in Frameworks */,
			);
			runOnlyForDeploymentPostprocessing = 0;
		};
		DE3D2EA7281054E9009F5EE4 /* Frameworks */ = {
			isa = PBXFrameworksBuildPhase;
			buildActionMask = 2147483647;
			files = (
				2D9293CC558E8247C93361C6 /* Pods_Dictionary_App_Dictionary_AppUITests.framework in Frameworks */,
			);
			runOnlyForDeploymentPostprocessing = 0;
		};
/* End PBXFrameworksBuildPhase section */

/* Begin PBXGroup section */
		3D95CE95263FF717806B5337 /* Frameworks */ = {
			isa = PBXGroup;
			children = (
				43F110D1476192F003539D79 /* Pods_Dictionary_App.framework */,
				E91A3A9327BD0B85BBA308BE /* Pods_Dictionary_App_Dictionary_AppUITests.framework */,
				22C62D3EAEAC87894D17F94F /* Pods_Dictionary_AppTests.framework */,
			);
			name = Frameworks;
			sourceTree = "<group>";
		};
		54E2DA4772C9E804E41E5B13 /* Pods */ = {
			isa = PBXGroup;
			children = (
				D1C95C93A4BC3FE4F92E5259 /* Pods-Dictionary App.debug.xcconfig */,
				0A4C7A68D3479D091A26BA26 /* Pods-Dictionary App.release.xcconfig */,
				02331369931BC1F80167C41E /* Pods-Dictionary App-Dictionary AppUITests.debug.xcconfig */,
				436FAF03728B42F677623657 /* Pods-Dictionary App-Dictionary AppUITests.release.xcconfig */,
				3AC327D286759BF0A6340B22 /* Pods-Dictionary AppTests.debug.xcconfig */,
				980F120026D9D5DD22F1EE10 /* Pods-Dictionary AppTests.release.xcconfig */,
			);
			name = Pods;
			path = Pods;
			sourceTree = "<group>";
		};
		DE3D2E81281054E7009F5EE4 = {
			isa = PBXGroup;
			children = (
				DE3D2E8C281054E7009F5EE4 /* Dictionary App */,
				DE3D2EA3281054E9009F5EE4 /* Dictionary AppTests */,
				DE3D2EAD281054E9009F5EE4 /* Dictionary AppUITests */,
				DE3D2E8B281054E7009F5EE4 /* Products */,
				54E2DA4772C9E804E41E5B13 /* Pods */,
				3D95CE95263FF717806B5337 /* Frameworks */,
			);
			sourceTree = "<group>";
		};
		DE3D2E8B281054E7009F5EE4 /* Products */ = {
			isa = PBXGroup;
			children = (
				DE3D2E8A281054E7009F5EE4 /* Dictionary App.app */,
				DE3D2EA0281054E9009F5EE4 /* Dictionary AppTests.xctest */,
				DE3D2EAA281054E9009F5EE4 /* Dictionary AppUITests.xctest */,
			);
			name = Products;
			sourceTree = "<group>";
		};
		DE3D2E8C281054E7009F5EE4 /* Dictionary App */ = {
			isa = PBXGroup;
			children = (
				DE3D2EC128105747009F5EE4 /* Kelimeler.swift */,
				DE3D2E8D281054E7009F5EE4 /* AppDelegate.swift */,
				DE3D2E8F281054E7009F5EE4 /* SceneDelegate.swift */,
				DE3D2E91281054E7009F5EE4 /* ViewController.swift */,
				DE3D2EBF2810569B009F5EE4 /* KelimeDetayViewController.swift */,
				DE3D2EBD281055E5009F5EE4 /* KelimeHucreTableViewCell.swift */,
				DE3D2E93281054E7009F5EE4 /* Main.storyboard */,
				DE3D2E96281054E9009F5EE4 /* Assets.xcassets */,
				DE3D2E98281054E9009F5EE4 /* LaunchScreen.storyboard */,
				DE3D2E9B281054E9009F5EE4 /* Info.plist */,
				DE823C862825321E00D66E37 /* GoogleService-Info.plist */,
			);
			path = "Dictionary App";
			sourceTree = "<group>";
		};
		DE3D2EA3281054E9009F5EE4 /* Dictionary AppTests */ = {
			isa = PBXGroup;
			children = (
				DE3D2EA4281054E9009F5EE4 /* Dictionary_AppTests.swift */,
			);
			path = "Dictionary AppTests";
			sourceTree = "<group>";
		};
		DE3D2EAD281054E9009F5EE4 /* Dictionary AppUITests */ = {
			isa = PBXGroup;
			children = (
				DE3D2EAE281054E9009F5EE4 /* Dictionary_AppUITests.swift */,
				DE3D2EB0281054E9009F5EE4 /* Dictionary_AppUITestsLaunchTests.swift */,
			);
			path = "Dictionary AppUITests";
			sourceTree = "<group>";
		};
/* End PBXGroup section */

/* Begin PBXNativeTarget section */
		DE3D2E89281054E7009F5EE4 /* Dictionary App */ = {
			isa = PBXNativeTarget;
			buildConfigurationList = DE3D2EB4281054E9009F5EE4 /* Build configuration list for PBXNativeTarget "Dictionary App" */;
			buildPhases = (
				69C5AC4D0FA4ED4AC153C72E /* [CP] Check Pods Manifest.lock */,
				DE3D2E86281054E7009F5EE4 /* Sources */,
				DE3D2E87281054E7009F5EE4 /* Frameworks */,
				DE3D2E88281054E7009F5EE4 /* Resources */,
				4F22B0E3EE5E6DADACDE4ACF /* [CP] Embed Pods Frameworks */,
			);
			buildRules = (
			);
			dependencies = (
			);
			name = "Dictionary App";
			productName = "Dictionary App";
			productReference = DE3D2E8A281054E7009F5EE4 /* Dictionary App.app */;
			productType = "com.apple.product-type.application";
		};
		DE3D2E9F281054E9009F5EE4 /* Dictionary AppTests */ = {
			isa = PBXNativeTarget;
			buildConfigurationList = DE3D2EB7281054E9009F5EE4 /* Build configuration list for PBXNativeTarget "Dictionary AppTests" */;
			buildPhases = (
				8DB84A03307D1A977CF55C6A /* [CP] Check Pods Manifest.lock */,
				DE3D2E9C281054E9009F5EE4 /* Sources */,
				DE3D2E9D281054E9009F5EE4 /* Frameworks */,
				DE3D2E9E281054E9009F5EE4 /* Resources */,
			);
			buildRules = (
			);
			dependencies = (
				DE3D2EA2281054E9009F5EE4 /* PBXTargetDependency */,
			);
			name = "Dictionary AppTests";
			productName = "Dictionary AppTests";
			productReference = DE3D2EA0281054E9009F5EE4 /* Dictionary AppTests.xctest */;
			productType = "com.apple.product-type.bundle.unit-test";
		};
		DE3D2EA9281054E9009F5EE4 /* Dictionary AppUITests */ = {
			isa = PBXNativeTarget;
			buildConfigurationList = DE3D2EBA281054E9009F5EE4 /* Build configuration list for PBXNativeTarget "Dictionary AppUITests" */;
			buildPhases = (
				275E31612BBA77A14A40C0C7 /* [CP] Check Pods Manifest.lock */,
				DE3D2EA6281054E9009F5EE4 /* Sources */,
				DE3D2EA7281054E9009F5EE4 /* Frameworks */,
				DE3D2EA8281054E9009F5EE4 /* Resources */,
				009AA16AE35910957CB34443 /* [CP] Embed Pods Frameworks */,
			);
			buildRules = (
			);
			dependencies = (
				DE3D2EAC281054E9009F5EE4 /* PBXTargetDependency */,
			);
			name = "Dictionary AppUITests";
			productName = "Dictionary AppUITests";
			productReference = DE3D2EAA281054E9009F5EE4 /* Dictionary AppUITests.xctest */;
			productType = "com.apple.product-type.bundle.ui-testing";
		};
/* End PBXNativeTarget section */

/* Begin PBXProject section */
		DE3D2E82281054E7009F5EE4 /* Project object */ = {
			isa = PBXProject;
			attributes = {
				BuildIndependentTargetsInParallel = 1;
				LastSwiftUpdateCheck = 1320;
				LastUpgradeCheck = 1320;
				TargetAttributes = {
					DE3D2E89281054E7009F5EE4 = {
						CreatedOnToolsVersion = 13.2.1;
					};
					DE3D2E9F281054E9009F5EE4 = {
						CreatedOnToolsVersion = 13.2.1;
						TestTargetID = DE3D2E89281054E7009F5EE4;
					};
					DE3D2EA9281054E9009F5EE4 = {
						CreatedOnToolsVersion = 13.2.1;
						TestTargetID = DE3D2E89281054E7009F5EE4;
					};
				};
			};
			buildConfigurationList = DE3D2E85281054E7009F5EE4 /* Build configuration list for PBXProject "Dictionary App" */;
			compatibilityVersion = "Xcode 13.0";
			developmentRegion = en;
			hasScannedForEncodings = 0;
			knownRegions = (
				en,
				Base,
			);
			mainGroup = DE3D2E81281054E7009F5EE4;
			productRefGroup = DE3D2E8B281054E7009F5EE4 /* Products */;
			projectDirPath = "";
			projectRoot = "";
			targets = (
				DE3D2E89281054E7009F5EE4 /* Dictionary App */,
				DE3D2E9F281054E9009F5EE4 /* Dictionary AppTests */,
				DE3D2EA9281054E9009F5EE4 /* Dictionary AppUITests */,
			);
		};
/* End PBXProject section */

/* Begin PBXResourcesBuildPhase section */
		DE3D2E88281054E7009F5EE4 /* Resources */ = {
			isa = PBXResourcesBuildPhase;
			buildActionMask = 2147483647;
			files = (
				DE3D2E9A281054E9009F5EE4 /* LaunchScreen.storyboard in Resources */,
				DE3D2E97281054E9009F5EE4 /* Assets.xcassets in Resources */,
				DE3D2E95281054E7009F5EE4 /* Main.storyboard in Resources */,
				DE823C872825321E00D66E37 /* GoogleService-Info.plist in Resources */,
			);
			runOnlyForDeploymentPostprocessing = 0;
		};
		DE3D2E9E281054E9009F5EE4 /* Resources */ = {
			isa = PBXResourcesBuildPhase;
			buildActionMask = 2147483647;
			files = (
			);
			runOnlyForDeploymentPostprocessing = 0;
		};
		DE3D2EA8281054E9009F5EE4 /* Resources */ = {
			isa = PBXResourcesBuildPhase;
			buildActionMask = 2147483647;
			files = (
			);
			runOnlyForDeploymentPostprocessing = 0;
		};
/* End PBXResourcesBuildPhase section */

/* Begin PBXShellScriptBuildPhase section */
		009AA16AE35910957CB34443 /* [CP] Embed Pods Frameworks */ = {
			isa = PBXShellScriptBuildPhase;
			buildActionMask = 2147483647;
			files = (
			);
			inputFileListPaths = (
				"${PODS_ROOT}/Target Support Files/Pods-Dictionary App-Dictionary AppUITests/Pods-Dictionary App-Dictionary AppUITests-frameworks-${CONFIGURATION}-input-files.xcfilelist",
			);
			name = "[CP] Embed Pods Frameworks";
			outputFileListPaths = (
				"${PODS_ROOT}/Target Support Files/Pods-Dictionary App-Dictionary AppUITests/Pods-Dictionary App-Dictionary AppUITests-frameworks-${CONFIGURATION}-output-files.xcfilelist",
			);
			runOnlyForDeploymentPostprocessing = 0;
			shellPath = /bin/sh;
			shellScript = "\"${PODS_ROOT}/Target Support Files/Pods-Dictionary App-Dictionary AppUITests/Pods-Dictionary App-Dictionary AppUITests-frameworks.sh\"\n";
			showEnvVarsInLog = 0;
		};
		275E31612BBA77A14A40C0C7 /* [CP] Check Pods Manifest.lock */ = {
			isa = PBXShellScriptBuildPhase;
			buildActionMask = 2147483647;
			files = (
			);
			inputFileListPaths = (
			);
			inputPaths = (
				"${PODS_PODFILE_DIR_PATH}/Podfile.lock",
				"${PODS_ROOT}/Manifest.lock",
			);
			name = "[CP] Check Pods Manifest.lock";
			outputFileListPaths = (
			);
			outputPaths = (
				"$(DERIVED_FILE_DIR)/Pods-Dictionary App-Dictionary AppUITests-checkManifestLockResult.txt",
			);
			runOnlyForDeploymentPostprocessing = 0;
			shellPath = /bin/sh;
			shellScript = "diff \"${PODS_PODFILE_DIR_PATH}/Podfile.lock\" \"${PODS_ROOT}/Manifest.lock\" > /dev/null\nif [ $? != 0 ] ; then\n    # print error to STDERR\n    echo \"error: The sandbox is not in sync with the Podfile.lock. Run 'pod install' or update your CocoaPods installation.\" >&2\n    exit 1\nfi\n# This output is used by Xcode 'outputs' to avoid re-running this script phase.\necho \"SUCCESS\" > \"${SCRIPT_OUTPUT_FILE_0}\"\n";
			showEnvVarsInLog = 0;
		};
		4F22B0E3EE5E6DADACDE4ACF /* [CP] Embed Pods Frameworks */ = {
			isa = PBXShellScriptBuildPhase;
			buildActionMask = 2147483647;
			files = (
			);
			inputFileListPaths = (
				"${PODS_ROOT}/Target Support Files/Pods-Dictionary App/Pods-Dictionary App-frameworks-${CONFIGURATION}-input-files.xcfilelist",
			);
			name = "[CP] Embed Pods Frameworks";
			outputFileListPaths = (
				"${PODS_ROOT}/Target Support Files/Pods-Dictionary App/Pods-Dictionary App-frameworks-${CONFIGURATION}-output-files.xcfilelist",
			);
			runOnlyForDeploymentPostprocessing = 0;
			shellPath = /bin/sh;
			shellScript = "\"${PODS_ROOT}/Target Support Files/Pods-Dictionary App/Pods-Dictionary App-frameworks.sh\"\n";
			showEnvVarsInLog = 0;
		};
		69C5AC4D0FA4ED4AC153C72E /* [CP] Check Pods Manifest.lock */ = {
			isa = PBXShellScriptBuildPhase;
			buildActionMask = 2147483647;
			files = (
			);
			inputFileListPaths = (
			);
			inputPaths = (
				"${PODS_PODFILE_DIR_PATH}/Podfile.lock",
				"${PODS_ROOT}/Manifest.lock",
			);
			name = "[CP] Check Pods Manifest.lock";
			outputFileListPaths = (
			);
			outputPaths = (
				"$(DERIVED_FILE_DIR)/Pods-Dictionary App-checkManifestLockResult.txt",
			);
			runOnlyForDeploymentPostprocessing = 0;
			shellPath = /bin/sh;
			shellScript = "diff \"${PODS_PODFILE_DIR_PATH}/Podfile.lock\" \"${PODS_ROOT}/Manifest.lock\" > /dev/null\nif [ $? != 0 ] ; then\n    # print error to STDERR\n    echo \"error: The sandbox is not in sync with the Podfile.lock. Run 'pod install' or update your CocoaPods installation.\" >&2\n    exit 1\nfi\n# This output is used by Xcode 'outputs' to avoid re-running this script phase.\necho \"SUCCESS\" > \"${SCRIPT_OUTPUT_FILE_0}\"\n";
			showEnvVarsInLog = 0;
		};
		8DB84A03307D1A977CF55C6A /* [CP] Check Pods Manifest.lock */ = {
			isa = PBXShellScriptBuildPhase;
			buildActionMask = 2147483647;
			files = (
			);
			inputFileListPaths = (
			);
			inputPaths = (
				"${PODS_PODFILE_DIR_PATH}/Podfile.lock",
				"${PODS_ROOT}/Manifest.lock",
			);
			name = "[CP] Check Pods Manifest.lock";
			outputFileListPaths = (
			);
			outputPaths = (
				"$(DERIVED_FILE_DIR)/Pods-Dictionary AppTests-checkManifestLockResult.txt",
			);
			runOnlyForDeploymentPostprocessing = 0;
			shellPath = /bin/sh;
			shellScript = "diff \"${PODS_PODFILE_DIR_PATH}/Podfile.lock\" \"${PODS_ROOT}/Manifest.lock\" > /dev/null\nif [ $? != 0 ] ; then\n    # print error to STDERR\n    echo \"error: The sandbox is not in sync with the Podfile.lock. Run 'pod install' or update your CocoaPods installation.\" >&2\n    exit 1\nfi\n# This output is used by Xcode 'outputs' to avoid re-running this script phase.\necho \"SUCCESS\" > \"${SCRIPT_OUTPUT_FILE_0}\"\n";
			showEnvVarsInLog = 0;
		};
/* End PBXShellScriptBuildPhase section */

/* Begin PBXSourcesBuildPhase section */
		DE3D2E86281054E7009F5EE4 /* Sources */ = {
			isa = PBXSourcesBuildPhase;
			buildActionMask = 2147483647;
			files = (
				DE3D2EC228105747009F5EE4 /* Kelimeler.swift in Sources */,
				DE3D2E92281054E7009F5EE4 /* ViewController.swift in Sources */,
				DE3D2EC02810569B009F5EE4 /* KelimeDetayViewController.swift in Sources */,
				DE3D2E8E281054E7009F5EE4 /* AppDelegate.swift in Sources */,
				DE3D2EBE281055E5009F5EE4 /* KelimeHucreTableViewCell.swift in Sources */,
				DE3D2E90281054E7009F5EE4 /* SceneDelegate.swift in Sources */,
			);
			runOnlyForDeploymentPostprocessing = 0;
		};
		DE3D2E9C281054E9009F5EE4 /* Sources */ = {
			isa = PBXSourcesBuildPhase;
			buildActionMask = 2147483647;
			files = (
				DE3D2EA5281054E9009F5EE4 /* Dictionary_AppTests.swift in Sources */,
			);
			runOnlyForDeploymentPostprocessing = 0;
		};
		DE3D2EA6281054E9009F5EE4 /* Sources */ = {
			isa = PBXSourcesBuildPhase;
			buildActionMask = 2147483647;
			files = (
				DE3D2EB1281054E9009F5EE4 /* Dictionary_AppUITestsLaunchTests.swift in Sources */,
				DE3D2EAF281054E9009F5EE4 /* Dictionary_AppUITests.swift in Sources */,
			);
			runOnlyForDeploymentPostprocessing = 0;
		};
/* End PBXSourcesBuildPhase section */

/* Begin PBXTargetDependency section */
		DE3D2EA2281054E9009F5EE4 /* PBXTargetDependency */ = {
			isa = PBXTargetDependency;
			target = DE3D2E89281054E7009F5EE4 /* Dictionary App */;
			targetProxy = DE3D2EA1281054E9009F5EE4 /* PBXContainerItemProxy */;
		};
		DE3D2EAC281054E9009F5EE4 /* PBXTargetDependency */ = {
			isa = PBXTargetDependency;
			target = DE3D2E89281054E7009F5EE4 /* Dictionary App */;
			targetProxy = DE3D2EAB281054E9009F5EE4 /* PBXContainerItemProxy */;
		};
/* End PBXTargetDependency section */

/* Begin PBXVariantGroup section */
		DE3D2E93281054E7009F5EE4 /* Main.storyboard */ = {
			isa = PBXVariantGroup;
			children = (
				DE3D2E94281054E7009F5EE4 /* Base */,
			);
			name = Main.storyboard;
			sourceTree = "<group>";
		};
		DE3D2E98281054E9009F5EE4 /* LaunchScreen.storyboard */ = {
			isa = PBXVariantGroup;
			children = (
				DE3D2E99281054E9009F5EE4 /* Base */,
			);
			name = LaunchScreen.storyboard;
			sourceTree = "<group>";
		};
/* End PBXVariantGroup section */

/* Begin XCBuildConfiguration section */
		DE3D2EB2281054E9009F5EE4 /* Debug */ = {
			isa = XCBuildConfiguration;
			buildSettings = {
				ALWAYS_SEARCH_USER_PATHS = NO;
				CLANG_ANALYZER_NONNULL = YES;
				CLANG_ANALYZER_NUMBER_OBJECT_CONVERSION = YES_AGGRESSIVE;
				CLANG_CXX_LANGUAGE_STANDARD = "gnu++17";
				CLANG_CXX_LIBRARY = "libc++";
				CLANG_ENABLE_MODULES = YES;
				CLANG_ENABLE_OBJC_ARC = YES;
				CLANG_ENABLE_OBJC_WEAK = YES;
				CLANG_WARN_BLOCK_CAPTURE_AUTORELEASING = YES;
				CLANG_WARN_BOOL_CONVERSION = YES;
				CLANG_WARN_COMMA = YES;
				CLANG_WARN_CONSTANT_CONVERSION = YES;
				CLANG_WARN_DEPRECATED_OBJC_IMPLEMENTATIONS = YES;
				CLANG_WARN_DIRECT_OBJC_ISA_USAGE = YES_ERROR;
				CLANG_WARN_DOCUMENTATION_COMMENTS = YES;
				CLANG_WARN_EMPTY_BODY = YES;
				CLANG_WARN_ENUM_CONVERSION = YES;
				CLANG_WARN_INFINITE_RECURSION = YES;
				CLANG_WARN_INT_CONVERSION = YES;
				CLANG_WARN_NON_LITERAL_NULL_CONVERSION = YES;
				CLANG_WARN_OBJC_IMPLICIT_RETAIN_SELF = YES;
				CLANG_WARN_OBJC_LITERAL_CONVERSION = YES;
				CLANG_WARN_OBJC_ROOT_CLASS = YES_ERROR;
				CLANG_WARN_QUOTED_INCLUDE_IN_FRAMEWORK_HEADER = YES;
				CLANG_WARN_RANGE_LOOP_ANALYSIS = YES;
				CLANG_WARN_STRICT_PROTOTYPES = YES;
				CLANG_WARN_SUSPICIOUS_MOVE = YES;
				CLANG_WARN_UNGUARDED_AVAILABILITY = YES_AGGRESSIVE;
				CLANG_WARN_UNREACHABLE_CODE = YES;
				CLANG_WARN__DUPLICATE_METHOD_MATCH = YES;
				COPY_PHASE_STRIP = NO;
				DEBUG_INFORMATION_FORMAT = dwarf;
				ENABLE_STRICT_OBJC_MSGSEND = YES;
				ENABLE_TESTABILITY = YES;
				GCC_C_LANGUAGE_STANDARD = gnu11;
				GCC_DYNAMIC_NO_PIC = NO;
				GCC_NO_COMMON_BLOCKS = YES;
				GCC_OPTIMIZATION_LEVEL = 0;
				GCC_PREPROCESSOR_DEFINITIONS = (
					"DEBUG=1",
					"$(inherited)",
				);
				GCC_WARN_64_TO_32_BIT_CONVERSION = YES;
				GCC_WARN_ABOUT_RETURN_TYPE = YES_ERROR;
				GCC_WARN_UNDECLARED_SELECTOR = YES;
				GCC_WARN_UNINITIALIZED_AUTOS = YES_AGGRESSIVE;
				GCC_WARN_UNUSED_FUNCTION = YES;
				GCC_WARN_UNUSED_VARIABLE = YES;
				IPHONEOS_DEPLOYMENT_TARGET = 15.2;
				MTL_ENABLE_DEBUG_INFO = INCLUDE_SOURCE;
				MTL_FAST_MATH = YES;
				ONLY_ACTIVE_ARCH = YES;
				SDKROOT = iphoneos;
				SWIFT_ACTIVE_COMPILATION_CONDITIONS = DEBUG;
				SWIFT_OPTIMIZATION_LEVEL = "-Onone";
			};
			name = Debug;
		};
		DE3D2EB3281054E9009F5EE4 /* Release */ = {
			isa = XCBuildConfiguration;
			buildSettings = {
				ALWAYS_SEARCH_USER_PATHS = NO;
				CLANG_ANALYZER_NONNULL = YES;
				CLANG_ANALYZER_NUMBER_OBJECT_CONVERSION = YES_AGGRESSIVE;
				CLANG_CXX_LANGUAGE_STANDARD = "gnu++17";
				CLANG_CXX_LIBRARY = "libc++";
				CLANG_ENABLE_MODULES = YES;
				CLANG_ENABLE_OBJC_ARC = YES;
				CLANG_ENABLE_OBJC_WEAK = YES;
				CLANG_WARN_BLOCK_CAPTURE_AUTORELEASING = YES;
				CLANG_WARN_BOOL_CONVERSION = YES;
				CLANG_WARN_COMMA = YES;
				CLANG_WARN_CONSTANT_CONVERSION = YES;
				CLANG_WARN_DEPRECATED_OBJC_IMPLEMENTATIONS = YES;
				CLANG_WARN_DIRECT_OBJC_ISA_USAGE = YES_ERROR;
				CLANG_WARN_DOCUMENTATION_COMMENTS = YES;
				CLANG_WARN_EMPTY_BODY = YES;
				CLANG_WARN_ENUM_CONVERSION = YES;
				CLANG_WARN_INFINITE_RECURSION = YES;
				CLANG_WARN_INT_CONVERSION = YES;
				CLANG_WARN_NON_LITERAL_NULL_CONVERSION = YES;
				CLANG_WARN_OBJC_IMPLICIT_RETAIN_SELF = YES;
				CLANG_WARN_OBJC_LITERAL_CONVERSION = YES;
				CLANG_WARN_OBJC_ROOT_CLASS = YES_ERROR;
				CLANG_WARN_QUOTED_INCLUDE_IN_FRAMEWORK_HEADER = YES;
				CLANG_WARN_RANGE_LOOP_ANALYSIS = YES;
				CLANG_WARN_STRICT_PROTOTYPES = YES;
				CLANG_WARN_SUSPICIOUS_MOVE = YES;
				CLANG_WARN_UNGUARDED_AVAILABILITY = YES_AGGRESSIVE;
				CLANG_WARN_UNREACHABLE_CODE = YES;
				CLANG_WARN__DUPLICATE_METHOD_MATCH = YES;
				COPY_PHASE_STRIP = NO;
				DEBUG_INFORMATION_FORMAT = "dwarf-with-dsym";
				ENABLE_NS_ASSERTIONS = NO;
				ENABLE_STRICT_OBJC_MSGSEND = YES;
				GCC_C_LANGUAGE_STANDARD = gnu11;
				GCC_NO_COMMON_BLOCKS = YES;
				GCC_WARN_64_TO_32_BIT_CONVERSION = YES;
				GCC_WARN_ABOUT_RETURN_TYPE = YES_ERROR;
				GCC_WARN_UNDECLARED_SELECTOR = YES;
				GCC_WARN_UNINITIALIZED_AUTOS = YES_AGGRESSIVE;
				GCC_WARN_UNUSED_FUNCTION = YES;
				GCC_WARN_UNUSED_VARIABLE = YES;
				IPHONEOS_DEPLOYMENT_TARGET = 15.2;
				MTL_ENABLE_DEBUG_INFO = NO;
				MTL_FAST_MATH = YES;
				SDKROOT = iphoneos;
				SWIFT_COMPILATION_MODE = wholemodule;
				SWIFT_OPTIMIZATION_LEVEL = "-O";
				VALIDATE_PRODUCT = YES;
			};
			name = Release;
		};
		DE3D2EB5281054E9009F5EE4 /* Debug */ = {
			isa = XCBuildConfiguration;
			baseConfigurationReference = D1C95C93A4BC3FE4F92E5259 /* Pods-Dictionary App.debug.xcconfig */;
			buildSettings = {
				ASSETCATALOG_COMPILER_APPICON_NAME = AppIcon;
				ASSETCATALOG_COMPILER_GLOBAL_ACCENT_COLOR_NAME = AccentColor;
				CODE_SIGN_STYLE = Automatic;
				CURRENT_PROJECT_VERSION = 1;
				DEVELOPMENT_TEAM = 7CRNJ953YN;
				GENERATE_INFOPLIST_FILE = YES;
				INFOPLIST_FILE = "Dictionary App/Info.plist";
				INFOPLIST_KEY_UIApplicationSupportsIndirectInputEvents = YES;
				INFOPLIST_KEY_UILaunchStoryboardName = LaunchScreen;
				INFOPLIST_KEY_UIMainStoryboardFile = Main;
				INFOPLIST_KEY_UISupportedInterfaceOrientations_iPad = "UIInterfaceOrientationPortrait UIInterfaceOrientationPortraitUpsideDown UIInterfaceOrientationLandscapeLeft UIInterfaceOrientationLandscapeRight";
				INFOPLIST_KEY_UISupportedInterfaceOrientations_iPhone = "UIInterfaceOrientationPortrait UIInterfaceOrientationLandscapeLeft UIInterfaceOrientationLandscapeRight";
				LD_RUNPATH_SEARCH_PATHS = (
					"$(inherited)",
					"@executable_path/Frameworks",
				);
				MARKETING_VERSION = 1.0;
				PRODUCT_BUNDLE_IDENTIFIER = "com.omerKilicaslan.Dictionary-App";
				PRODUCT_NAME = "$(TARGET_NAME)";
				SWIFT_EMIT_LOC_STRINGS = YES;
				SWIFT_VERSION = 5.0;
				TARGETED_DEVICE_FAMILY = "1,2";
			};
			name = Debug;
		};
		DE3D2EB6281054E9009F5EE4 /* Release */ = {
			isa = XCBuildConfiguration;
			baseConfigurationReference = 0A4C7A68D3479D091A26BA26 /* Pods-Dictionary App.release.xcconfig */;
			buildSettings = {
				ASSETCATALOG_COMPILER_APPICON_NAME = AppIcon;
				ASSETCATALOG_COMPILER_GLOBAL_ACCENT_COLOR_NAME = AccentColor;
				CODE_SIGN_STYLE = Automatic;
				CURRENT_PROJECT_VERSION = 1;
				DEVELOPMENT_TEAM = 7CRNJ953YN;
				GENERATE_INFOPLIST_FILE = YES;
				INFOPLIST_FILE = "Dictionary App/Info.plist";
				INFOPLIST_KEY_UIApplicationSupportsIndirectInputEvents = YES;
				INFOPLIST_KEY_UILaunchStoryboardName = LaunchScreen;
				INFOPLIST_KEY_UIMainStoryboardFile = Main;
				INFOPLIST_KEY_UISupportedInterfaceOrientations_iPad = "UIInterfaceOrientationPortrait UIInterfaceOrientationPortraitUpsideDown UIInterfaceOrientationLandscapeLeft UIInterfaceOrientationLandscapeRight";
				INFOPLIST_KEY_UISupportedInterfaceOrientations_iPhone = "UIInterfaceOrientationPortrait UIInterfaceOrientationLandscapeLeft UIInterfaceOrientationLandscapeRight";
				LD_RUNPATH_SEARCH_PATHS = (
					"$(inherited)",
					"@executable_path/Frameworks",
				);
				MARKETING_VERSION = 1.0;
				PRODUCT_BUNDLE_IDENTIFIER = "com.omerKilicaslan.Dictionary-App";
				PRODUCT_NAME = "$(TARGET_NAME)";
				SWIFT_EMIT_LOC_STRINGS = YES;
				SWIFT_VERSION = 5.0;
				TARGETED_DEVICE_FAMILY = "1,2";
			};
			name = Release;
		};
		DE3D2EB8281054E9009F5EE4 /* Debug */ = {
			isa = XCBuildConfiguration;
			baseConfigurationReference = 3AC327D286759BF0A6340B22 /* Pods-Dictionary AppTests.debug.xcconfig */;
			buildSettings = {
				ALWAYS_EMBED_SWIFT_STANDARD_LIBRARIES = YES;
				BUNDLE_LOADER = "$(TEST_HOST)";
				CODE_SIGN_STYLE = Automatic;
				CURRENT_PROJECT_VERSION = 1;
				DEVELOPMENT_TEAM = 7CRNJ953YN;
				GENERATE_INFOPLIST_FILE = YES;
				IPHONEOS_DEPLOYMENT_TARGET = 15.2;
				MARKETING_VERSION = 1.0;
				PRODUCT_BUNDLE_IDENTIFIER = "com.omerKilicaslan.Dictionary-AppTests";
				PRODUCT_NAME = "$(TARGET_NAME)";
				SWIFT_EMIT_LOC_STRINGS = NO;
				SWIFT_VERSION = 5.0;
				TARGETED_DEVICE_FAMILY = "1,2";
				TEST_HOST = "$(BUILT_PRODUCTS_DIR)/Dictionary App.app/Dictionary App";
			};
			name = Debug;
		};
		DE3D2EB9281054E9009F5EE4 /* Release */ = {
			isa = XCBuildConfiguration;
			baseConfigurationReference = 980F120026D9D5DD22F1EE10 /* Pods-Dictionary AppTests.release.xcconfig */;
			buildSettings = {
				ALWAYS_EMBED_SWIFT_STANDARD_LIBRARIES = YES;
				BUNDLE_LOADER = "$(TEST_HOST)";
				CODE_SIGN_STYLE = Automatic;
				CURRENT_PROJECT_VERSION = 1;
				DEVELOPMENT_TEAM = 7CRNJ953YN;
				GENERATE_INFOPLIST_FILE = YES;
				IPHONEOS_DEPLOYMENT_TARGET = 15.2;
				MARKETING_VERSION = 1.0;
				PRODUCT_BUNDLE_IDENTIFIER = "com.omerKilicaslan.Dictionary-AppTests";
				PRODUCT_NAME = "$(TARGET_NAME)";
				SWIFT_EMIT_LOC_STRINGS = NO;
				SWIFT_VERSION = 5.0;
				TARGETED_DEVICE_FAMILY = "1,2";
				TEST_HOST = "$(BUILT_PRODUCTS_DIR)/Dictionary App.app/Dictionary App";
			};
			name = Release;
		};
		DE3D2EBB281054E9009F5EE4 /* Debug */ = {
			isa = XCBuildConfiguration;
			baseConfigurationReference = 02331369931BC1F80167C41E /* Pods-Dictionary App-Dictionary AppUITests.debug.xcconfig */;
			buildSettings = {
				ALWAYS_EMBED_SWIFT_STANDARD_LIBRARIES = YES;
				CODE_SIGN_STYLE = Automatic;
				CURRENT_PROJECT_VERSION = 1;
				DEVELOPMENT_TEAM = 7CRNJ953YN;
				GENERATE_INFOPLIST_FILE = YES;
				MARKETING_VERSION = 1.0;
				PRODUCT_BUNDLE_IDENTIFIER = "com.omerKilicaslan.Dictionary-AppUITests";
				PRODUCT_NAME = "$(TARGET_NAME)";
				SWIFT_EMIT_LOC_STRINGS = NO;
				SWIFT_VERSION = 5.0;
				TARGETED_DEVICE_FAMILY = "1,2";
				TEST_TARGET_NAME = "Dictionary App";
			};
			name = Debug;
		};
		DE3D2EBC281054E9009F5EE4 /* Release */ = {
			isa = XCBuildConfiguration;
			baseConfigurationReference = 436FAF03728B42F677623657 /* Pods-Dictionary App-Dictionary AppUITests.release.xcconfig */;
			buildSettings = {
				ALWAYS_EMBED_SWIFT_STANDARD_LIBRARIES = YES;
				CODE_SIGN_STYLE = Automatic;
				CURRENT_PROJECT_VERSION = 1;
				DEVELOPMENT_TEAM = 7CRNJ953YN;
				GENERATE_INFOPLIST_FILE = YES;
				MARKETING_VERSION = 1.0;
				PRODUCT_BUNDLE_IDENTIFIER = "com.omerKilicaslan.Dictionary-AppUITests";
				PRODUCT_NAME = "$(TARGET_NAME)";
				SWIFT_EMIT_LOC_STRINGS = NO;
				SWIFT_VERSION = 5.0;
				TARGETED_DEVICE_FAMILY = "1,2";
				TEST_TARGET_NAME = "Dictionary App";
			};
			name = Release;
		};
/* End XCBuildConfiguration section */

/* Begin XCConfigurationList section */
		DE3D2E85281054E7009F5EE4 /* Build configuration list for PBXProject "Dictionary App" */ = {
			isa = XCConfigurationList;
			buildConfigurations = (
				DE3D2EB2281054E9009F5EE4 /* Debug */,
				DE3D2EB3281054E9009F5EE4 /* Release */,
			);
			defaultConfigurationIsVisible = 0;
			defaultConfigurationName = Release;
		};
		DE3D2EB4281054E9009F5EE4 /* Build configuration list for PBXNativeTarget "Dictionary App" */ = {
			isa = XCConfigurationList;
			buildConfigurations = (
				DE3D2EB5281054E9009F5EE4 /* Debug */,
				DE3D2EB6281054E9009F5EE4 /* Release */,
			);
			defaultConfigurationIsVisible = 0;
			defaultConfigurationName = Release;
		};
		DE3D2EB7281054E9009F5EE4 /* Build configuration list for PBXNativeTarget "Dictionary AppTests" */ = {
			isa = XCConfigurationList;
			buildConfigurations = (
				DE3D2EB8281054E9009F5EE4 /* Debug */,
				DE3D2EB9281054E9009F5EE4 /* Release */,
			);
			defaultConfigurationIsVisible = 0;
			defaultConfigurationName = Release;
		};
		DE3D2EBA281054E9009F5EE4 /* Build configuration list for PBXNativeTarget "Dictionary AppUITests" */ = {
			isa = XCConfigurationList;
			buildConfigurations = (
				DE3D2EBB281054E9009F5EE4 /* Debug */,
				DE3D2EBC281054E9009F5EE4 /* Release */,
			);
			defaultConfigurationIsVisible = 0;
			defaultConfigurationName = Release;
		};
/* End XCConfigurationList section */
	};
	rootObject = DE3D2E82281054E7009F5EE4 /* Project object */;
}
